
Microsoft Visual Studio Solution File, Format Version 12.00
# Visual Studio Version 17
VisualStudioVersion = 17.5.33414.496
MinimumVisualStudioVersion = 10.0.40219.1
Project("{9A19103F-16F7-4668-BE54-9A1E7A4F7556}") = "edd-blazor-server-poc", "edd-blazor-server-poc.csproj", "{24AAD8CE-41AF-48A2-BAFC-3BBAE9BAD23A}"
EndProject
Project("{2150E333-8FDC-42A3-9474-1A3956D46DE8}") = "src", "src", "{F7FFE60A-E8FC-4EE8-9E74-2AC91B548201}"
EndProject
Project("{2150E333-8FDC-42A3-9474-1A3956D46DE8}") = "tests", "tests", "{79169182-3FFA-4249-94EE-AAC1113612B1}"
EndProject
Global
	GlobalSection(SolutionConfigurationPlatforms) = preSolution
		Debug|Any CPU = Debug|Any CPU
		Release|Any CPU = Release|Any CPU
	EndGlobalSection
	GlobalSection(ProjectConfigurationPlatforms) = postSolution
		{24AAD8CE-41AF-48A2-BAFC-3BBAE9BAD23A}.Debug|Any CPU.ActiveCfg = Debug|Any CPU
		{24AAD8CE-41AF-48A2-BAFC-3BBAE9BAD23A}.Debug|Any CPU.Build.0 = Debug|Any CPU
		{24AAD8CE-41AF-48A2-BAFC-3BBAE9BAD23A}.Release|Any CPU.ActiveCfg = Release|Any CPU
		{24AAD8CE-41AF-48A2-BAFC-3BBAE9BAD23A}.Release|Any CPU.Build.0 = Release|Any CPU
	EndGlobalSection
	GlobalSection(SolutionProperties) = preSolution
		HideSolutionNode = FALSE
	EndGlobalSection
	GlobalSection(ExtensibilityGlobals) = postSolution
		SolutionGuid = {DB51B07A-A9A6-40C6-BB8A-6FCF86372530}
	EndGlobalSection
EndGlobal
